
Microsoft Visual Studio Solution File, Format Version 12.00
# Visual Studio Version 16
VisualStudioVersion = 16.0.28803.202
MinimumVisualStudioVersion = 10.0.40219.1
Project("{FAE04EC0-301F-11D3-BF4B-00C04F79EFBC}") = "HY.NuGetServer", "HY.NuGetServer\HY.NuGetServer.csproj", "{582CEA07-23C9-4A96-AA9A-2822DCC2424B}"
EndProject
Global
	GlobalSection(SolutionConfigurationPlatforms) = preSolution
		Debug|Any CPU = Debug|Any CPU
		Release|Any CPU = Release|Any CPU
	EndGlobalSection
	GlobalSection(ProjectConfigurationPlatforms) = postSolution
		{582CEA07-23C9-4A96-AA9A-2822DCC2424B}.Debug|Any CPU.ActiveCfg = Debug|Any CPU
		{582CEA07-23C9-4A96-AA9A-2822DCC2424B}.Debug|Any CPU.Build.0 = Debug|Any CPU
		{582CEA07-23C9-4A96-AA9A-2822DCC2424B}.Release|Any CPU.ActiveCfg = Release|Any CPU
		{582CEA07-23C9-4A96-AA9A-2822DCC2424B}.Release|Any CPU.Build.0 = Release|Any CPU
	EndGlobalSection
	GlobalSection(SolutionProperties) = preSolution
		HideSolutionNode = FALSE
	EndGlobalSection
	GlobalSection(ExtensibilityGlobals) = postSolution
		SolutionGuid = {A45A9BA2-6EFC-47A5-9EB3-5E6F7F0FF892}
	EndGlobalSection
EndGlobal
